
Microsoft Visual Studio Solution File, Format Version 11.00
# Visual Studio 2010
Project("{FAE04EC0-301F-11D3-BF4B-00C04F79EFBC}") = "0025", "0025\0025.csproj", "{04C06D87-4259-41FC-9734-4010A3F9E092}"
EndProject
Global
	GlobalSection(SolutionConfigurationPlatforms) = preSolution
		Debug|x86 = Debug|x86
		Release|x86 = Release|x86
	EndGlobalSection
	GlobalSection(ProjectConfigurationPlatforms) = postSolution
		{04C06D87-4259-41FC-9734-4010A3F9E092}.Debug|x86.ActiveCfg = Debug|x86
		{04C06D87-4259-41FC-9734-4010A3F9E092}.Debug|x86.Build.0 = Debug|x86
		{04C06D87-4259-41FC-9734-4010A3F9E092}.Release|x86.ActiveCfg = Release|x86
		{04C06D87-4259-41FC-9734-4010A3F9E092}.Release|x86.Build.0 = Release|x86
	EndGlobalSection
	GlobalSection(SolutionProperties) = preSolution
		HideSolutionNode = FALSE
	EndGlobalSection
EndGlobal
