
Microsoft Visual Studio Solution File, Format Version 11.00
# Visual Studio 2010
Project("{FAE04EC0-301F-11D3-BF4B-00C04F79EFBC}") = "10024", "10024\10024.csproj", "{C1A6BB2C-B069-4B15-88ED-D9D5E852A770}"
EndProject
Global
	GlobalSection(SolutionConfigurationPlatforms) = preSolution
		Debug|x86 = Debug|x86
		Release|x86 = Release|x86
	EndGlobalSection
	GlobalSection(ProjectConfigurationPlatforms) = postSolution
		{C1A6BB2C-B069-4B15-88ED-D9D5E852A770}.Debug|x86.ActiveCfg = Debug|x86
		{C1A6BB2C-B069-4B15-88ED-D9D5E852A770}.Debug|x86.Build.0 = Debug|x86
		{C1A6BB2C-B069-4B15-88ED-D9D5E852A770}.Release|x86.ActiveCfg = Release|x86
		{C1A6BB2C-B069-4B15-88ED-D9D5E852A770}.Release|x86.Build.0 = Release|x86
	EndGlobalSection
	GlobalSection(SolutionProperties) = preSolution
		HideSolutionNode = FALSE
	EndGlobalSection
EndGlobal
