
Microsoft Visual Studio Solution File, Format Version 11.00
# Visual Studio 2010
Project("{FAE04EC0-301F-11D3-BF4B-00C04F79EFBC}") = "b", "b\b.csproj", "{9557AC48-65E5-4F74-8C6A-E43500932CBC}"
EndProject
Global
	GlobalSection(SolutionConfigurationPlatforms) = preSolution
		Debug|x86 = Debug|x86
		Release|x86 = Release|x86
	EndGlobalSection
	GlobalSection(ProjectConfigurationPlatforms) = postSolution
		{9557AC48-65E5-4F74-8C6A-E43500932CBC}.Debug|x86.ActiveCfg = Debug|x86
		{9557AC48-65E5-4F74-8C6A-E43500932CBC}.Debug|x86.Build.0 = Debug|x86
		{9557AC48-65E5-4F74-8C6A-E43500932CBC}.Release|x86.ActiveCfg = Release|x86
		{9557AC48-65E5-4F74-8C6A-E43500932CBC}.Release|x86.Build.0 = Release|x86
	EndGlobalSection
	GlobalSection(SolutionProperties) = preSolution
		HideSolutionNode = FALSE
	EndGlobalSection
EndGlobal
