
Microsoft Visual Studio Solution File, Format Version 11.00
# Visual Studio 2010
Project("{FAE04EC0-301F-11D3-BF4B-00C04F79EFBC}") = "a", "a\a.csproj", "{DC803E38-88D6-4136-A165-A717C31A4655}"
EndProject
Global
	GlobalSection(SolutionConfigurationPlatforms) = preSolution
		Debug|x86 = Debug|x86
		Release|x86 = Release|x86
	EndGlobalSection
	GlobalSection(ProjectConfigurationPlatforms) = postSolution
		{DC803E38-88D6-4136-A165-A717C31A4655}.Debug|x86.ActiveCfg = Debug|x86
		{DC803E38-88D6-4136-A165-A717C31A4655}.Debug|x86.Build.0 = Debug|x86
		{DC803E38-88D6-4136-A165-A717C31A4655}.Release|x86.ActiveCfg = Release|x86
		{DC803E38-88D6-4136-A165-A717C31A4655}.Release|x86.Build.0 = Release|x86
	EndGlobalSection
	GlobalSection(SolutionProperties) = preSolution
		HideSolutionNode = FALSE
	EndGlobalSection
EndGlobal
