
Microsoft Visual Studio Solution File, Format Version 11.00
# Visual Studio 2010
Project("{FAE04EC0-301F-11D3-BF4B-00C04F79EFBC}") = "a", "a\a.csproj", "{A49C8465-4EBA-4D2E-9BFE-5B722575B450}"
EndProject
Global
	GlobalSection(SolutionConfigurationPlatforms) = preSolution
		Debug|x86 = Debug|x86
		Release|x86 = Release|x86
	EndGlobalSection
	GlobalSection(ProjectConfigurationPlatforms) = postSolution
		{A49C8465-4EBA-4D2E-9BFE-5B722575B450}.Debug|x86.ActiveCfg = Debug|x86
		{A49C8465-4EBA-4D2E-9BFE-5B722575B450}.Debug|x86.Build.0 = Debug|x86
		{A49C8465-4EBA-4D2E-9BFE-5B722575B450}.Release|x86.ActiveCfg = Release|x86
		{A49C8465-4EBA-4D2E-9BFE-5B722575B450}.Release|x86.Build.0 = Release|x86
	EndGlobalSection
	GlobalSection(SolutionProperties) = preSolution
		HideSolutionNode = FALSE
	EndGlobalSection
EndGlobal
