
Microsoft Visual Studio Solution File, Format Version 11.00
# Visual Studio 2010
Project("{FAE04EC0-301F-11D3-BF4B-00C04F79EFBC}") = "10017", "10017\10017.csproj", "{6FC62A11-FC76-4D14-A8A2-538DF0E22FFA}"
EndProject
Global
	GlobalSection(SolutionConfigurationPlatforms) = preSolution
		Debug|x86 = Debug|x86
		Release|x86 = Release|x86
	EndGlobalSection
	GlobalSection(ProjectConfigurationPlatforms) = postSolution
		{6FC62A11-FC76-4D14-A8A2-538DF0E22FFA}.Debug|x86.ActiveCfg = Debug|x86
		{6FC62A11-FC76-4D14-A8A2-538DF0E22FFA}.Debug|x86.Build.0 = Debug|x86
		{6FC62A11-FC76-4D14-A8A2-538DF0E22FFA}.Release|x86.ActiveCfg = Release|x86
		{6FC62A11-FC76-4D14-A8A2-538DF0E22FFA}.Release|x86.Build.0 = Release|x86
	EndGlobalSection
	GlobalSection(SolutionProperties) = preSolution
		HideSolutionNode = FALSE
	EndGlobalSection
EndGlobal
