
Microsoft Visual Studio Solution File, Format Version 11.00
# Visual Studio 2010
Project("{FAE04EC0-301F-11D3-BF4B-00C04F79EFBC}") = "2399", "2399\2399.csproj", "{A63994DA-8AA2-40BF-94B9-42B3C2489BEB}"
EndProject
Global
	GlobalSection(SolutionConfigurationPlatforms) = preSolution
		Debug|x86 = Debug|x86
		Release|x86 = Release|x86
	EndGlobalSection
	GlobalSection(ProjectConfigurationPlatforms) = postSolution
		{A63994DA-8AA2-40BF-94B9-42B3C2489BEB}.Debug|x86.ActiveCfg = Debug|x86
		{A63994DA-8AA2-40BF-94B9-42B3C2489BEB}.Debug|x86.Build.0 = Debug|x86
		{A63994DA-8AA2-40BF-94B9-42B3C2489BEB}.Release|x86.ActiveCfg = Release|x86
		{A63994DA-8AA2-40BF-94B9-42B3C2489BEB}.Release|x86.Build.0 = Release|x86
	EndGlobalSection
	GlobalSection(SolutionProperties) = preSolution
		HideSolutionNode = FALSE
	EndGlobalSection
EndGlobal
