
Microsoft Visual Studio Solution File, Format Version 11.00
# Visual Studio 2010
Project("{FAE04EC0-301F-11D3-BF4B-00C04F79EFBC}") = "2012", "2012\2012.csproj", "{8C16D7BB-0793-4E44-9898-544E7F6C8ED5}"
EndProject
Global
	GlobalSection(SolutionConfigurationPlatforms) = preSolution
		Debug|x86 = Debug|x86
		Release|x86 = Release|x86
	EndGlobalSection
	GlobalSection(ProjectConfigurationPlatforms) = postSolution
		{8C16D7BB-0793-4E44-9898-544E7F6C8ED5}.Debug|x86.ActiveCfg = Debug|x86
		{8C16D7BB-0793-4E44-9898-544E7F6C8ED5}.Debug|x86.Build.0 = Debug|x86
		{8C16D7BB-0793-4E44-9898-544E7F6C8ED5}.Release|x86.ActiveCfg = Release|x86
		{8C16D7BB-0793-4E44-9898-544E7F6C8ED5}.Release|x86.Build.0 = Release|x86
	EndGlobalSection
	GlobalSection(SolutionProperties) = preSolution
		HideSolutionNode = FALSE
	EndGlobalSection
EndGlobal
