
Microsoft Visual Studio Solution File, Format Version 11.00
# Visual Studio 2010
Project("{FAE04EC0-301F-11D3-BF4B-00C04F79EFBC}") = "c", "c\c.csproj", "{CE1752C1-D70D-4F69-9654-CB8088FE783C}"
EndProject
Global
	GlobalSection(SolutionConfigurationPlatforms) = preSolution
		Debug|x86 = Debug|x86
		Release|x86 = Release|x86
	EndGlobalSection
	GlobalSection(ProjectConfigurationPlatforms) = postSolution
		{CE1752C1-D70D-4F69-9654-CB8088FE783C}.Debug|x86.ActiveCfg = Debug|x86
		{CE1752C1-D70D-4F69-9654-CB8088FE783C}.Debug|x86.Build.0 = Debug|x86
		{CE1752C1-D70D-4F69-9654-CB8088FE783C}.Release|x86.ActiveCfg = Release|x86
		{CE1752C1-D70D-4F69-9654-CB8088FE783C}.Release|x86.Build.0 = Release|x86
	EndGlobalSection
	GlobalSection(SolutionProperties) = preSolution
		HideSolutionNode = FALSE
	EndGlobalSection
EndGlobal
