
Microsoft Visual Studio Solution File, Format Version 11.00
# Visual Studio 2010
Project("{FAE04EC0-301F-11D3-BF4B-00C04F79EFBC}") = "10003", "10003\10003.csproj", "{0F3BA41D-CDD2-4915-8990-98402AB71629}"
EndProject
Global
	GlobalSection(SolutionConfigurationPlatforms) = preSolution
		Debug|x86 = Debug|x86
		Release|x86 = Release|x86
	EndGlobalSection
	GlobalSection(ProjectConfigurationPlatforms) = postSolution
		{0F3BA41D-CDD2-4915-8990-98402AB71629}.Debug|x86.ActiveCfg = Debug|x86
		{0F3BA41D-CDD2-4915-8990-98402AB71629}.Debug|x86.Build.0 = Debug|x86
		{0F3BA41D-CDD2-4915-8990-98402AB71629}.Release|x86.ActiveCfg = Release|x86
		{0F3BA41D-CDD2-4915-8990-98402AB71629}.Release|x86.Build.0 = Release|x86
	EndGlobalSection
	GlobalSection(SolutionProperties) = preSolution
		HideSolutionNode = FALSE
	EndGlobalSection
EndGlobal
